
Microsoft Visual Studio Solution File, Format Version 12.00
# Visual Studio Version 17
VisualStudioVersion = 17.11.35222.181
MinimumVisualStudioVersion = 10.0.40219.1
Project("{FAE04EC0-301F-11D3-BF4B-00C04F79EFBC}") = "API", "API\API.csproj", "{CAFC2699-25D3-429A-8B70-9BD8166D7648}"
EndProject
Global
	GlobalSection(SolutionConfigurationPlatforms) = preSolution
		Debug|Any CPU = Debug|Any CPU
		Release|Any CPU = Release|Any CPU
	EndGlobalSection
	GlobalSection(ProjectConfigurationPlatforms) = postSolution
		{CAFC2699-25D3-429A-8B70-9BD8166D7648}.Debug|Any CPU.ActiveCfg = Debug|Any CPU
		{CAFC2699-25D3-429A-8B70-9BD8166D7648}.Debug|Any CPU.Build.0 = Debug|Any CPU
		{CAFC2699-25D3-429A-8B70-9BD8166D7648}.Release|Any CPU.ActiveCfg = Release|Any CPU
		{CAFC2699-25D3-429A-8B70-9BD8166D7648}.Release|Any CPU.Build.0 = Release|Any CPU
	EndGlobalSection
	GlobalSection(SolutionProperties) = preSolution
		HideSolutionNode = FALSE
	EndGlobalSection
	GlobalSection(ExtensibilityGlobals) = postSolution
		SolutionGuid = {2C7FC024-3657-4ED6-8285-170F11E273A1}
	EndGlobalSection
EndGlobal
